
Microsoft Visual Studio Solution File, Format Version 12.00
# Visual Studio 15
VisualStudioVersion = 15.0.27703.2035
MinimumVisualStudioVersion = 10.0.40219.1
Project("{888888A0-9F3D-457C-B088-3A5042F75D52}") = "Revoscalepy-code-examples", "Revoscalepy-code-examples.pyproj", "{E4D50AC0-6AB3-4FE3-8A24-BB66B7C83D7E}"
EndProject
Global
	GlobalSection(SolutionConfigurationPlatforms) = preSolution
		Debug|Any CPU = Debug|Any CPU
		Release|Any CPU = Release|Any CPU
	EndGlobalSection
	GlobalSection(ProjectConfigurationPlatforms) = postSolution
		{E4D50AC0-6AB3-4FE3-8A24-BB66B7C83D7E}.Debug|Any CPU.ActiveCfg = Debug|Any CPU
		{E4D50AC0-6AB3-4FE3-8A24-BB66B7C83D7E}.Release|Any CPU.ActiveCfg = Release|Any CPU
	EndGlobalSection
	GlobalSection(SolutionProperties) = preSolution
		HideSolutionNode = FALSE
	EndGlobalSection
	GlobalSection(ExtensibilityGlobals) = postSolution
		SolutionGuid = {2C34BBA1-7B2C-456F-BDF1-70B1240D2A39}
	EndGlobalSection
EndGlobal
